
Microsoft Visual Studio Solution File, Format Version 12.00
# Visual Studio 14
VisualStudioVersion = 14.0.24720.0
MinimumVisualStudioVersion = 10.0.40219.1
Project("{FAE04EC0-301F-11D3-BF4B-00C04F79EFBC}") = "GuildWars2.Windows", "GuildWars2\GuildWars2.Windows.csproj", "{1CED44F1-A8A6-415D-9D56-5530E9A4247F}"
EndProject
Project("{FAE04EC0-301F-11D3-BF4B-00C04F79EFBC}") = "GuildWars2.API", "GuildWars2API\GuildWars2.API.csproj", "{69DF77DF-55F8-4AF2-9E2A-8D3C4B565A1B}"
EndProject
Project("{FAE04EC0-301F-11D3-BF4B-00C04F79EFBC}") = "GuildWars2.DB", "GuildWars2DB\GuildWars2.DB.csproj", "{1CBE8EA2-E5FF-454F-9AF6-365CC15EEC31}"
EndProject
Global
	GlobalSection(SolutionConfigurationPlatforms) = preSolution
		Debug|Any CPU = Debug|Any CPU
		Release|Any CPU = Release|Any CPU
	EndGlobalSection
	GlobalSection(ProjectConfigurationPlatforms) = postSolution
		{1CED44F1-A8A6-415D-9D56-5530E9A4247F}.Debug|Any CPU.ActiveCfg = Debug|Any CPU
		{1CED44F1-A8A6-415D-9D56-5530E9A4247F}.Debug|Any CPU.Build.0 = Debug|Any CPU
		{1CED44F1-A8A6-415D-9D56-5530E9A4247F}.Release|Any CPU.ActiveCfg = Release|Any CPU
		{1CED44F1-A8A6-415D-9D56-5530E9A4247F}.Release|Any CPU.Build.0 = Release|Any CPU
		{69DF77DF-55F8-4AF2-9E2A-8D3C4B565A1B}.Debug|Any CPU.ActiveCfg = Debug|Any CPU
		{69DF77DF-55F8-4AF2-9E2A-8D3C4B565A1B}.Debug|Any CPU.Build.0 = Debug|Any CPU
		{69DF77DF-55F8-4AF2-9E2A-8D3C4B565A1B}.Release|Any CPU.ActiveCfg = Release|Any CPU
		{69DF77DF-55F8-4AF2-9E2A-8D3C4B565A1B}.Release|Any CPU.Build.0 = Release|Any CPU
		{1CBE8EA2-E5FF-454F-9AF6-365CC15EEC31}.Debug|Any CPU.ActiveCfg = Debug|Any CPU
		{1CBE8EA2-E5FF-454F-9AF6-365CC15EEC31}.Debug|Any CPU.Build.0 = Debug|Any CPU
		{1CBE8EA2-E5FF-454F-9AF6-365CC15EEC31}.Release|Any CPU.ActiveCfg = Release|Any CPU
		{1CBE8EA2-E5FF-454F-9AF6-365CC15EEC31}.Release|Any CPU.Build.0 = Release|Any CPU
	EndGlobalSection
	GlobalSection(SolutionProperties) = preSolution
		HideSolutionNode = FALSE
	EndGlobalSection
EndGlobal
